
Microsoft Visual Studio Solution File, Format Version 12.00
# Visual Studio 2012
Project("{FAE04EC0-301F-11D3-BF4B-00C04F79EFBC}") = "UnityClient", "UnityClient.csproj", "{C940F44C-BEC1-4E80-B2A2-49724D98A671}"
EndProject
Project("{FAE04EC0-301F-11D3-BF4B-00C04F79EFBC}") = "Tests", "..\Tests\Tests.csproj", "{64566403-890C-46D1-8D2A-2A8D5C3117AA}"
EndProject
Project("{FAE04EC0-301F-11D3-BF4B-00C04F79EFBC}") = "Assembly-CSharp", "..\..\unity\Assembly-CSharp.csproj", "{C3DA89E1-70C6-7D6C-993E-C8F831D35880}"
EndProject
Project("{FAE04EC0-301F-11D3-BF4B-00C04F79EFBC}") = "Assembly-CSharp-Editor", "..\..\unity\Assembly-CSharp-Editor.csproj", "{33C3DCDC-76CB-1FCD-751B-4E7E18D0E2DF}"
EndProject
Global
	GlobalSection(SolutionConfigurationPlatforms) = preSolution
		Debug|Any CPU = Debug|Any CPU
		Release|Any CPU = Release|Any CPU
	EndGlobalSection
	GlobalSection(ProjectConfigurationPlatforms) = postSolution
		{C940F44C-BEC1-4E80-B2A2-49724D98A671}.Debug|Any CPU.ActiveCfg = Debug|Any CPU
		{C940F44C-BEC1-4E80-B2A2-49724D98A671}.Debug|Any CPU.Build.0 = Debug|Any CPU
		{C940F44C-BEC1-4E80-B2A2-49724D98A671}.Release|Any CPU.ActiveCfg = Release|Any CPU
		{C940F44C-BEC1-4E80-B2A2-49724D98A671}.Release|Any CPU.Build.0 = Release|Any CPU
		{64566403-890C-46D1-8D2A-2A8D5C3117AA}.Debug|Any CPU.ActiveCfg = Debug|Any CPU
		{64566403-890C-46D1-8D2A-2A8D5C3117AA}.Debug|Any CPU.Build.0 = Debug|Any CPU
		{64566403-890C-46D1-8D2A-2A8D5C3117AA}.Release|Any CPU.ActiveCfg = Release|Any CPU
		{64566403-890C-46D1-8D2A-2A8D5C3117AA}.Release|Any CPU.Build.0 = Release|Any CPU
		{C3DA89E1-70C6-7D6C-993E-C8F831D35880}.Debug|Any CPU.ActiveCfg = Debug|Any CPU
		{C3DA89E1-70C6-7D6C-993E-C8F831D35880}.Debug|Any CPU.Build.0 = Debug|Any CPU
		{C3DA89E1-70C6-7D6C-993E-C8F831D35880}.Release|Any CPU.ActiveCfg = Release|Any CPU
		{C3DA89E1-70C6-7D6C-993E-C8F831D35880}.Release|Any CPU.Build.0 = Release|Any CPU
		{33C3DCDC-76CB-1FCD-751B-4E7E18D0E2DF}.Debug|Any CPU.ActiveCfg = Debug|Any CPU
		{33C3DCDC-76CB-1FCD-751B-4E7E18D0E2DF}.Debug|Any CPU.Build.0 = Debug|Any CPU
		{33C3DCDC-76CB-1FCD-751B-4E7E18D0E2DF}.Release|Any CPU.ActiveCfg = Release|Any CPU
		{33C3DCDC-76CB-1FCD-751B-4E7E18D0E2DF}.Release|Any CPU.Build.0 = Release|Any CPU
	EndGlobalSection
	GlobalSection(SolutionProperties) = preSolution
		HideSolutionNode = FALSE
	EndGlobalSection
EndGlobal
